
Microsoft Visual Studio Solution File, Format Version 12.00
# Visual Studio Version 17
VisualStudioVersion = 17.6.33829.357
MinimumVisualStudioVersion = 10.0.40219.1
Project("{FAE04EC0-301F-11D3-BF4B-00C04F79EFBC}") = "EmpresaTI17T", "EmpresaTI17T\EmpresaTI17T.csproj", "{9C2EF0F5-FE7E-487E-8600-F36BA98AE929}"
EndProject
Global
	GlobalSection(SolutionConfigurationPlatforms) = preSolution
		Debug|Any CPU = Debug|Any CPU
		Release|Any CPU = Release|Any CPU
	EndGlobalSection
	GlobalSection(ProjectConfigurationPlatforms) = postSolution
		{9C2EF0F5-FE7E-487E-8600-F36BA98AE929}.Debug|Any CPU.ActiveCfg = Debug|Any CPU
		{9C2EF0F5-FE7E-487E-8600-F36BA98AE929}.Debug|Any CPU.Build.0 = Debug|Any CPU
		{9C2EF0F5-FE7E-487E-8600-F36BA98AE929}.Release|Any CPU.ActiveCfg = Release|Any CPU
		{9C2EF0F5-FE7E-487E-8600-F36BA98AE929}.Release|Any CPU.Build.0 = Release|Any CPU
	EndGlobalSection
	GlobalSection(SolutionProperties) = preSolution
		HideSolutionNode = FALSE
	EndGlobalSection
	GlobalSection(ExtensibilityGlobals) = postSolution
		SolutionGuid = {BB91E984-4B31-4EED-A8C1-8C9E7173AC42}
	EndGlobalSection
EndGlobal
